
Microsoft Visual Studio Solution File, Format Version 12.00
# Visual Studio Version 17
VisualStudioVersion = 17.8.34227.203
MinimumVisualStudioVersion = 10.0.40219.1
Project("{9A19103F-16F7-4668-BE54-9A1E7A4F7556}") = "NNLib", "NNLib\NNLib.csproj", "{EDE758C5-6857-4719-B995-5D88000E3E99}"
EndProject
Project("{9A19103F-16F7-4668-BE54-9A1E7A4F7556}") = "NNViewer", "NNViewer\NNViewer.csproj", "{FB555844-9083-48A5-BBCB-18FAAFF0E898}"
EndProject
Project("{FAE04EC0-301F-11D3-BF4B-00C04F79EFBC}") = "NNTest", "NNTest\NNTest.csproj", "{E6819AE4-EB04-4C6A-8613-E9ED2A6F6BAD}"
EndProject
Global
	GlobalSection(SolutionConfigurationPlatforms) = preSolution
		Debug|Any CPU = Debug|Any CPU
		Release|Any CPU = Release|Any CPU
	EndGlobalSection
	GlobalSection(ProjectConfigurationPlatforms) = postSolution
		{EDE758C5-6857-4719-B995-5D88000E3E99}.Debug|Any CPU.ActiveCfg = Debug|Any CPU
		{EDE758C5-6857-4719-B995-5D88000E3E99}.Debug|Any CPU.Build.0 = Debug|Any CPU
		{EDE758C5-6857-4719-B995-5D88000E3E99}.Release|Any CPU.ActiveCfg = Release|Any CPU
		{EDE758C5-6857-4719-B995-5D88000E3E99}.Release|Any CPU.Build.0 = Release|Any CPU
		{FB555844-9083-48A5-BBCB-18FAAFF0E898}.Debug|Any CPU.ActiveCfg = Debug|Any CPU
		{FB555844-9083-48A5-BBCB-18FAAFF0E898}.Debug|Any CPU.Build.0 = Debug|Any CPU
		{FB555844-9083-48A5-BBCB-18FAAFF0E898}.Release|Any CPU.ActiveCfg = Release|Any CPU
		{FB555844-9083-48A5-BBCB-18FAAFF0E898}.Release|Any CPU.Build.0 = Release|Any CPU
		{E6819AE4-EB04-4C6A-8613-E9ED2A6F6BAD}.Debug|Any CPU.ActiveCfg = Debug|Any CPU
		{E6819AE4-EB04-4C6A-8613-E9ED2A6F6BAD}.Debug|Any CPU.Build.0 = Debug|Any CPU
		{E6819AE4-EB04-4C6A-8613-E9ED2A6F6BAD}.Release|Any CPU.ActiveCfg = Release|Any CPU
		{E6819AE4-EB04-4C6A-8613-E9ED2A6F6BAD}.Release|Any CPU.Build.0 = Release|Any CPU
	EndGlobalSection
	GlobalSection(SolutionProperties) = preSolution
		HideSolutionNode = FALSE
	EndGlobalSection
	GlobalSection(ExtensibilityGlobals) = postSolution
		SolutionGuid = {6FE7850E-C03C-4B26-BAE6-060750641BCC}
	EndGlobalSection
EndGlobal
